
Microsoft Visual Studio Solution File, Format Version 12.00
# Visual Studio Version 16
VisualStudioVersion = 16.0.31729.503
MinimumVisualStudioVersion = 10.0.40219.1
Project("{FAE04EC0-301F-11D3-BF4B-00C04F79EFBC}") = "CrudApp", "CrudApp\CrudApp.csproj", "{3325C173-20AA-4B2C-9386-1A810816BCAB}"
EndProject
Global
	GlobalSection(SolutionConfigurationPlatforms) = preSolution
		Debug|Any CPU = Debug|Any CPU
		Release|Any CPU = Release|Any CPU
	EndGlobalSection
	GlobalSection(ProjectConfigurationPlatforms) = postSolution
		{3325C173-20AA-4B2C-9386-1A810816BCAB}.Debug|Any CPU.ActiveCfg = Debug|Any CPU
		{3325C173-20AA-4B2C-9386-1A810816BCAB}.Debug|Any CPU.Build.0 = Debug|Any CPU
		{3325C173-20AA-4B2C-9386-1A810816BCAB}.Release|Any CPU.ActiveCfg = Release|Any CPU
		{3325C173-20AA-4B2C-9386-1A810816BCAB}.Release|Any CPU.Build.0 = Release|Any CPU
	EndGlobalSection
	GlobalSection(SolutionProperties) = preSolution
		HideSolutionNode = FALSE
	EndGlobalSection
	GlobalSection(ExtensibilityGlobals) = postSolution
		SolutionGuid = {1218D6BF-4292-40B5-BAF5-CFB299390E7F}
	EndGlobalSection
EndGlobal
